{
  "version": 4,
  "terraform_version": "1.4.6",
  "serial": 50,
  "lineage": "853bcee6-dcff-b9ab-4bf7-9fbc74868786",
  "outputs": {
    "my-public-DNS": {
      "value": "http://ec2-35-83-195-134.us-west-2.compute.amazonaws.com",
      "type": "string"
    },
    "my-public-ip": {
      "value": "35.83.195.134",
      "type": "string"
    }
  },
  "resources": [
    {
      "mode": "data",
      "type": "aws_ami",
      "name": "app_server-ami",
      "provider": "provider[\"registry.terraform.io/hashicorp/aws\"]",
      "instances": [
        {
          "schema_version": 0,
          "attributes": {
            "architecture": "x86_64",
            "arn": "arn:aws:ec2:us-west-2::image/ami-00a8da36869cfec4d",
            "block_device_mappings": [
              {
                "device_name": "/dev/sda1",
                "ebs": {
                  "delete_on_termination": "true",
                  "encrypted": "false",
                  "iops": "0",
                  "snapshot_id": "snap-07831c586b14b1f30",
                  "throughput": "0",
                  "volume_size": "8",
                  "volume_type": "gp2"
                },
                "no_device": "",
                "virtual_name": ""
              },
              {
                "device_name": "/dev/sdb",
                "ebs": {},
                "no_device": "",
                "virtual_name": "ephemeral0"
              },
              {
                "device_name": "/dev/sdc",
                "ebs": {},
                "no_device": "",
                "virtual_name": "ephemeral1"
              }
            ],
            "boot_mode": "legacy-bios",
            "creation_date": "2023-05-17T17:39:18.000Z",
            "deprecation_time": "2025-05-17T17:39:18.000Z",
            "description": "Canonical, Ubuntu, 18.04 LTS, amd64 bionic image build on 2023-05-17",
            "ena_support": true,
            "executable_users": null,
            "filter": [
              {
                "name": "name",
                "values": [
                  "ubuntu/images/hvm-ssd/ubuntu-bionic-18.04-amd64-server-*"
                ]
              },
              {
                "name": "virtualization-type",
                "values": [
                  "hvm"
                ]
              }
            ],
            "hypervisor": "xen",
            "id": "ami-00a8da36869cfec4d",
            "image_id": "ami-00a8da36869cfec4d",
            "image_location": "aws-marketplace/ubuntu/images/hvm-ssd/ubuntu-bionic-18.04-amd64-server-20230517-3b73ef49-208f-47e1-8a6e-4ae768d8a333",
            "image_owner_alias": "aws-marketplace",
            "image_type": "machine",
            "imds_support": "",
            "include_deprecated": false,
            "kernel_id": "",
            "most_recent": true,
            "name": "ubuntu/images/hvm-ssd/ubuntu-bionic-18.04-amd64-server-20230517-3b73ef49-208f-47e1-8a6e-4ae768d8a333",
            "name_regex": null,
            "owner_id": "679593333241",
            "owners": null,
            "platform": "",
            "platform_details": "Linux/UNIX",
            "product_codes": [
              {
                "product_code_id": "3iplms73etrdhxdepv72l6ywj",
                "product_code_type": "marketplace"
              }
            ],
            "public": true,
            "ramdisk_id": "",
            "root_device_name": "/dev/sda1",
            "root_device_type": "ebs",
            "root_snapshot_id": "snap-07831c586b14b1f30",
            "sriov_net_support": "simple",
            "state": "available",
            "state_reason": {
              "code": "UNSET",
              "message": "UNSET"
            },
            "tags": {},
            "timeouts": null,
            "tpm_support": "",
            "usage_operation": "RunInstances",
            "virtualization_type": "hvm"
          },
          "sensitive_attributes": []
        }
      ]
    },
    {
      "mode": "managed",
      "type": "aws_eip",
      "name": "app_server",
      "provider": "provider[\"registry.terraform.io/hashicorp/aws\"]",
      "instances": [
        {
          "schema_version": 0,
          "attributes": {
            "address": null,
            "allocation_id": "eipalloc-03264e01b340fb5da",
            "associate_with_private_ip": null,
            "association_id": "eipassoc-0dff0c196efbedb33",
            "carrier_ip": "",
            "customer_owned_ip": "",
            "customer_owned_ipv4_pool": "",
            "domain": "vpc",
            "id": "eipalloc-03264e01b340fb5da",
            "instance": "i-0875152ee01a3f58e",
            "network_border_group": "us-west-2",
            "network_interface": "eni-07568e8a400b33cd7",
            "private_dns": "ip-10-0-10-168.us-west-2.compute.internal",
            "private_ip": "10.0.10.168",
            "public_dns": "ec2-35-83-195-134.us-west-2.compute.amazonaws.com",
            "public_ip": "35.83.195.134",
            "public_ipv4_pool": "amazon",
            "tags": {},
            "tags_all": {},
            "timeouts": null,
            "vpc": true
          },
          "sensitive_attributes": [],
          "private": "eyJlMmJmYjczMC1lY2FhLTExZTYtOGY4OC0zNDM2M2JjN2M0YzAiOnsiZGVsZXRlIjoxODAwMDAwMDAwMDAsInJlYWQiOjkwMDAwMDAwMDAwMCwidXBkYXRlIjozMDAwMDAwMDAwMDB9fQ==",
          "dependencies": [
            "aws_instance.app_server",
            "aws_key_pair.app_server",
            "aws_security_group.app_server",
            "aws_subnet.app_server",
            "aws_vpc.app_server",
            "data.aws_ami.app_server-ami",
            "tls_private_key.app_server"
          ]
        }
      ]
    },
    {
      "mode": "managed",
      "type": "aws_eip_association",
      "name": "app_server",
      "provider": "provider[\"registry.terraform.io/hashicorp/aws\"]",
      "instances": [
        {
          "schema_version": 0,
          "attributes": {
            "allocation_id": "eipalloc-03264e01b340fb5da",
            "allow_reassociation": null,
            "id": "eipassoc-0dff0c196efbedb33",
            "instance_id": "i-0875152ee01a3f58e",
            "network_interface_id": "eni-07568e8a400b33cd7",
            "private_ip_address": "10.0.10.168",
            "public_ip": "35.83.195.134"
          },
          "sensitive_attributes": [],
          "private": "bnVsbA==",
          "dependencies": [
            "aws_eip.app_server",
            "aws_instance.app_server",
            "aws_key_pair.app_server",
            "aws_security_group.app_server",
            "aws_subnet.app_server",
            "aws_vpc.app_server",
            "data.aws_ami.app_server-ami",
            "tls_private_key.app_server"
          ]
        }
      ]
    },
    {
      "mode": "managed",
      "type": "aws_instance",
      "name": "app_server",
      "provider": "provider[\"registry.terraform.io/hashicorp/aws\"]",
      "instances": [
        {
          "schema_version": 1,
          "attributes": {
            "ami": "ami-00a8da36869cfec4d",
            "arn": "arn:aws:ec2:us-west-2:575652729555:instance/i-0875152ee01a3f58e",
            "associate_public_ip_address": true,
            "availability_zone": "us-west-2c",
            "capacity_reservation_specification": [
              {
                "capacity_reservation_preference": "open",
                "capacity_reservation_target": []
              }
            ],
            "cpu_core_count": 1,
            "cpu_options": [
              {
                "amd_sev_snp": "",
                "core_count": 1,
                "threads_per_core": 1
              }
            ],
            "cpu_threads_per_core": 1,
            "credit_specification": [
              {
                "cpu_credits": "standard"
              }
            ],
            "disable_api_stop": false,
            "disable_api_termination": false,
            "ebs_block_device": [],
            "ebs_optimized": false,
            "enclave_options": [
              {
                "enabled": false
              }
            ],
            "ephemeral_block_device": [],
            "get_password_data": false,
            "hibernation": false,
            "host_id": "",
            "host_resource_group_arn": null,
            "iam_instance_profile": "",
            "id": "i-0875152ee01a3f58e",
            "instance_initiated_shutdown_behavior": "stop",
            "instance_state": "running",
            "instance_type": "t2.micro",
            "ipv6_address_count": 0,
            "ipv6_addresses": [],
            "key_name": "my-ssh-key.pem",
            "launch_template": [],
            "maintenance_options": [
              {
                "auto_recovery": "default"
              }
            ],
            "metadata_options": [
              {
                "http_endpoint": "enabled",
                "http_put_response_hop_limit": 1,
                "http_tokens": "optional",
                "instance_metadata_tags": "disabled"
              }
            ],
            "monitoring": false,
            "network_interface": [],
            "outpost_arn": "",
            "password_data": "",
            "placement_group": "",
            "placement_partition_number": 0,
            "primary_network_interface_id": "eni-07568e8a400b33cd7",
            "private_dns": "ip-10-0-10-168.us-west-2.compute.internal",
            "private_dns_name_options": [
              {
                "enable_resource_name_dns_a_record": false,
                "enable_resource_name_dns_aaaa_record": false,
                "hostname_type": "ip-name"
              }
            ],
            "private_ip": "10.0.10.168",
            "public_dns": "ec2-35-83-195-134.us-west-2.compute.amazonaws.com",
            "public_ip": "35.83.195.134",
            "root_block_device": [
              {
                "delete_on_termination": true,
                "device_name": "/dev/sda1",
                "encrypted": false,
                "iops": 100,
                "kms_key_id": "",
                "tags": {},
                "throughput": 0,
                "volume_id": "vol-002c5d5bce00416c4",
                "volume_size": 8,
                "volume_type": "gp2"
              }
            ],
            "secondary_private_ips": [],
            "security_groups": [],
            "source_dest_check": true,
            "subnet_id": "subnet-060746cacce0ace73",
            "tags": {
              "Name": "app_server"
            },
            "tags_all": {
              "Name": "app_server"
            },
            "tenancy": "default",
            "timeouts": null,
            "user_data": null,
            "user_data_base64": null,
            "user_data_replace_on_change": false,
            "volume_tags": null,
            "vpc_security_group_ids": [
              "sg-0eb964bf8760ea15e"
            ]
          },
          "sensitive_attributes": [],
          "private": "eyJlMmJmYjczMC1lY2FhLTExZTYtOGY4OC0zNDM2M2JjN2M0YzAiOnsiY3JlYXRlIjo2MDAwMDAwMDAwMDAsImRlbGV0ZSI6MTIwMDAwMDAwMDAwMCwidXBkYXRlIjo2MDAwMDAwMDAwMDB9LCJzY2hlbWFfdmVyc2lvbiI6IjEifQ==",
          "dependencies": [
            "aws_key_pair.app_server",
            "aws_security_group.app_server",
            "aws_subnet.app_server",
            "aws_vpc.app_server",
            "data.aws_ami.app_server-ami",
            "tls_private_key.app_server"
          ]
        }
      ]
    },
    {
      "mode": "managed",
      "type": "aws_internet_gateway",
      "name": "app_server",
      "provider": "provider[\"registry.terraform.io/hashicorp/aws\"]",
      "instances": [
        {
          "schema_version": 0,
          "attributes": {
            "arn": "arn:aws:ec2:us-west-2:575652729555:internet-gateway/igw-04c2d71c4b45f20cd",
            "id": "igw-04c2d71c4b45f20cd",
            "owner_id": "575652729555",
            "tags": {
              "Name": "app_server-internet-gateway"
            },
            "tags_all": {
              "Name": "app_server-internet-gateway"
            },
            "timeouts": null,
            "vpc_id": "vpc-001200c49f0dc1b29"
          },
          "sensitive_attributes": [],
          "private": "eyJlMmJmYjczMC1lY2FhLTExZTYtOGY4OC0zNDM2M2JjN2M0YzAiOnsiY3JlYXRlIjoxMjAwMDAwMDAwMDAwLCJkZWxldGUiOjEyMDAwMDAwMDAwMDAsInVwZGF0ZSI6MTIwMDAwMDAwMDAwMH19",
          "dependencies": [
            "aws_vpc.app_server"
          ]
        }
      ]
    },
    {
      "mode": "managed",
      "type": "aws_key_pair",
      "name": "app_server",
      "provider": "provider[\"registry.terraform.io/hashicorp/aws\"]",
      "instances": [
        {
          "schema_version": 1,
          "attributes": {
            "arn": "arn:aws:ec2:us-west-2:575652729555:key-pair/my-ssh-key.pem",
            "fingerprint": "7f:dc:42:10:58:da:7b:64:96:5f:2e:3f:b1:9f:3e:31",
            "id": "my-ssh-key.pem",
            "key_name": "my-ssh-key.pem",
            "key_name_prefix": "",
            "key_pair_id": "key-08b8fd33f34e31be6",
            "key_type": "rsa",
            "public_key": "ssh-rsa AAAAB3NzaC1yc2EAAAADAQABAAABAQCnyp0Ewk0rjhGclXQA5Czk4HHsURmqRgpCqBbYEPfGO0Y/0jzCSmD9f5s003/fWw90CERbvyEDgKjblzd1WM14bePq7xM/+ihz4qy2c0JPdgsvrmotrbM1lTGJQR8Vb+MsBkPFszp3PUUCGO4Odm8PTr9MbC+p4cIOKcru4UiaZHLVQLd7oA5eDzDnjZVDa55mV1TdIp32pdZbZzSDU9yLAh1MPfAof4YMlpUbKCTR6SAEtaL4X9u5QbWVwCX/gTVjprNs+01CXvPhJPA/FxSgQUaaXnzeijp7PJQ+YCwqxht+2w0FXOjGD3xLJQoWShMGDCaYMzngQFgdHUZDgiCH",
            "tags": {},
            "tags_all": {}
          },
          "sensitive_attributes": [],
          "private": "eyJzY2hlbWFfdmVyc2lvbiI6IjEifQ==",
          "dependencies": [
            "tls_private_key.app_server"
          ]
        }
      ]
    },
    {
      "mode": "managed",
      "type": "aws_route_table",
      "name": "app_server",
      "provider": "provider[\"registry.terraform.io/hashicorp/aws\"]",
      "instances": [
        {
          "schema_version": 0,
          "attributes": {
            "arn": "arn:aws:ec2:us-west-2:575652729555:route-table/rtb-0791072ef47b4a813",
            "id": "rtb-0791072ef47b4a813",
            "owner_id": "575652729555",
            "propagating_vgws": [],
            "route": [
              {
                "carrier_gateway_id": "",
                "cidr_block": "0.0.0.0/0",
                "core_network_arn": "",
                "destination_prefix_list_id": "",
                "egress_only_gateway_id": "",
                "gateway_id": "igw-04c2d71c4b45f20cd",
                "instance_id": "",
                "ipv6_cidr_block": "",
                "local_gateway_id": "",
                "nat_gateway_id": "",
                "network_interface_id": "",
                "transit_gateway_id": "",
                "vpc_endpoint_id": "",
                "vpc_peering_connection_id": ""
              }
            ],
            "tags": {},
            "tags_all": {},
            "timeouts": null,
            "vpc_id": "vpc-001200c49f0dc1b29"
          },
          "sensitive_attributes": [],
          "private": "eyJlMmJmYjczMC1lY2FhLTExZTYtOGY4OC0zNDM2M2JjN2M0YzAiOnsiY3JlYXRlIjozMDAwMDAwMDAwMDAsImRlbGV0ZSI6MzAwMDAwMDAwMDAwLCJ1cGRhdGUiOjEyMDAwMDAwMDAwMH19",
          "dependencies": [
            "aws_internet_gateway.app_server",
            "aws_vpc.app_server"
          ]
        }
      ]
    },
    {
      "mode": "managed",
      "type": "aws_route_table_association",
      "name": "app_server",
      "provider": "provider[\"registry.terraform.io/hashicorp/aws\"]",
      "instances": [
        {
          "schema_version": 0,
          "attributes": {
            "gateway_id": "",
            "id": "rtbassoc-0e2f3838c1bc1c619",
            "route_table_id": "rtb-0791072ef47b4a813",
            "subnet_id": "subnet-060746cacce0ace73",
            "timeouts": null
          },
          "sensitive_attributes": [],
          "private": "eyJlMmJmYjczMC1lY2FhLTExZTYtOGY4OC0zNDM2M2JjN2M0YzAiOnsiY3JlYXRlIjozMDAwMDAwMDAwMDAsImRlbGV0ZSI6MzAwMDAwMDAwMDAwLCJ1cGRhdGUiOjEyMDAwMDAwMDAwMH19",
          "dependencies": [
            "aws_internet_gateway.app_server",
            "aws_route_table.app_server",
            "aws_subnet.app_server",
            "aws_vpc.app_server"
          ]
        }
      ]
    },
    {
      "mode": "managed",
      "type": "aws_security_group",
      "name": "app_server",
      "provider": "provider[\"registry.terraform.io/hashicorp/aws\"]",
      "instances": [
        {
          "schema_version": 1,
          "attributes": {
            "arn": "arn:aws:ec2:us-west-2:575652729555:security-group/sg-0eb964bf8760ea15e",
            "description": "Managed by Terraform",
            "egress": [
              {
                "cidr_blocks": [
                  "0.0.0.0/0"
                ],
                "description": "",
                "from_port": 0,
                "ipv6_cidr_blocks": [],
                "prefix_list_ids": [],
                "protocol": "-1",
                "security_groups": [],
                "self": false,
                "to_port": 0
              }
            ],
            "id": "sg-0eb964bf8760ea15e",
            "ingress": [
              {
                "cidr_blocks": [
                  "0.0.0.0/0"
                ],
                "description": "",
                "from_port": 22,
                "ipv6_cidr_blocks": [],
                "prefix_list_ids": [],
                "protocol": "tcp",
                "security_groups": [],
                "self": false,
                "to_port": 22
              }
            ],
            "name": "my-security-group",
            "name_prefix": "",
            "owner_id": "575652729555",
            "revoke_rules_on_delete": false,
            "tags": {
              "Name": "my-security-group"
            },
            "tags_all": {
              "Name": "my-security-group"
            },
            "timeouts": null,
            "vpc_id": "vpc-001200c49f0dc1b29"
          },
          "sensitive_attributes": [],
          "private": "eyJlMmJmYjczMC1lY2FhLTExZTYtOGY4OC0zNDM2M2JjN2M0YzAiOnsiY3JlYXRlIjo2MDAwMDAwMDAwMDAsImRlbGV0ZSI6OTAwMDAwMDAwMDAwfSwic2NoZW1hX3ZlcnNpb24iOiIxIn0=",
          "dependencies": [
            "aws_vpc.app_server"
          ]
        }
      ]
    },
    {
      "mode": "managed",
      "type": "aws_subnet",
      "name": "app_server",
      "provider": "provider[\"registry.terraform.io/hashicorp/aws\"]",
      "instances": [
        {
          "schema_version": 1,
          "attributes": {
            "arn": "arn:aws:ec2:us-west-2:575652729555:subnet/subnet-060746cacce0ace73",
            "assign_ipv6_address_on_creation": false,
            "availability_zone": "us-west-2c",
            "availability_zone_id": "usw2-az3",
            "cidr_block": "10.0.10.0/24",
            "customer_owned_ipv4_pool": "",
            "enable_dns64": false,
            "enable_lni_at_device_index": 0,
            "enable_resource_name_dns_a_record_on_launch": false,
            "enable_resource_name_dns_aaaa_record_on_launch": false,
            "id": "subnet-060746cacce0ace73",
            "ipv6_cidr_block": "",
            "ipv6_cidr_block_association_id": "",
            "ipv6_native": false,
            "map_customer_owned_ip_on_launch": false,
            "map_public_ip_on_launch": false,
            "outpost_arn": "",
            "owner_id": "575652729555",
            "private_dns_hostname_type_on_launch": "ip-name",
            "tags": {
              "Name": "app_server-subnet"
            },
            "tags_all": {
              "Name": "app_server-subnet"
            },
            "timeouts": null,
            "vpc_id": "vpc-001200c49f0dc1b29"
          },
          "sensitive_attributes": [],
          "private": "eyJlMmJmYjczMC1lY2FhLTExZTYtOGY4OC0zNDM2M2JjN2M0YzAiOnsiY3JlYXRlIjo2MDAwMDAwMDAwMDAsImRlbGV0ZSI6MTIwMDAwMDAwMDAwMH0sInNjaGVtYV92ZXJzaW9uIjoiMSJ9",
          "dependencies": [
            "aws_vpc.app_server"
          ]
        }
      ]
    },
    {
      "mode": "managed",
      "type": "aws_vpc",
      "name": "app_server",
      "provider": "provider[\"registry.terraform.io/hashicorp/aws\"]",
      "instances": [
        {
          "schema_version": 1,
          "attributes": {
            "arn": "arn:aws:ec2:us-west-2:575652729555:vpc/vpc-001200c49f0dc1b29",
            "assign_generated_ipv6_cidr_block": false,
            "cidr_block": "10.0.0.0/16",
            "default_network_acl_id": "acl-028d16255eca464a4",
            "default_route_table_id": "rtb-0c5f81666b997b09a",
            "default_security_group_id": "sg-01d709d9aa425a752",
            "dhcp_options_id": "dopt-049dbd86538f62c5b",
            "enable_classiclink": false,
            "enable_classiclink_dns_support": false,
            "enable_dns_hostnames": true,
            "enable_dns_support": true,
            "enable_network_address_usage_metrics": false,
            "id": "vpc-001200c49f0dc1b29",
            "instance_tenancy": "default",
            "ipv4_ipam_pool_id": null,
            "ipv4_netmask_length": null,
            "ipv6_association_id": "",
            "ipv6_cidr_block": "",
            "ipv6_cidr_block_network_border_group": "",
            "ipv6_ipam_pool_id": "",
            "ipv6_netmask_length": 0,
            "main_route_table_id": "rtb-0c5f81666b997b09a",
            "owner_id": "575652729555",
            "tags": {
              "Name": "app_server-vpc"
            },
            "tags_all": {
              "Name": "app_server-vpc"
            }
          },
          "sensitive_attributes": [],
          "private": "eyJzY2hlbWFfdmVyc2lvbiI6IjEifQ=="
        }
      ]
    },
    {
      "mode": "managed",
      "type": "null_resource",
      "name": "configure-app_server",
      "provider": "provider[\"registry.terraform.io/hashicorp/null\"]",
      "instances": [
        {
          "schema_version": 0,
          "attributes": {
            "id": "7373868979800886991",
            "triggers": {
              "build_number": "2023-05-25T19:39:24Z"
            }
          },
          "sensitive_attributes": [],
          "dependencies": [
            "aws_eip.app_server",
            "aws_eip_association.app_server",
            "tls_private_key.app_server"
          ]
        }
      ]
    },
    {
      "mode": "managed",
      "type": "tls_private_key",
      "name": "app_server",
      "provider": "provider[\"registry.terraform.io/hashicorp/tls\"]",
      "instances": [
        {
          "schema_version": 1,
          "attributes": {
            "algorithm": "RSA",
            "ecdsa_curve": "P224",
            "id": "e61bc4c5a22440d094c0e304d632d46d572bbd94",
            "private_key_openssh": "-----BEGIN OPENSSH PRIVATE KEY-----\nb3BlbnNzaC1rZXktdjEAAAAABG5vbmUAAAAEbm9uZQAAAAAAAAABAAABFwAAAAdz\nc2gtcnNhAAAAAwEAAQAAAQEAp8qdBMJNK44RnJV0AOQs5OBx7FEZqkYKQqgW2BD3\nxjtGP9I8wkpg/X+bNNN/31sPdAhEW78hA4Co25c3dVjNeG3j6u8TP/ooc+KstnNC\nT3YLL65qLa2zNZUxiUEfFW/jLAZDxbM6dz1FAhjuDnZvD06/TGwvqeHCDinK7uFI\nmmRy1UC3e6AOXg8w542VQ2ueZldU3SKd9qXWW2c0g1PciwIdTD3wKH+GDJaVGygk\n0ekgBLWi+F/buUG1lcAl/4E1Y6azbPtNQl7z4STwPxcUoEFGml583oo6ezyUPmAs\nKsYbftsNBVzoxg98SyUKFkoTBgwmmDM54EBYHR1GQ4IghwAAA7hneFhYZ3hYWAAA\nAAdzc2gtcnNhAAABAQCnyp0Ewk0rjhGclXQA5Czk4HHsURmqRgpCqBbYEPfGO0Y/\n0jzCSmD9f5s003/fWw90CERbvyEDgKjblzd1WM14bePq7xM/+ihz4qy2c0JPdgsv\nrmotrbM1lTGJQR8Vb+MsBkPFszp3PUUCGO4Odm8PTr9MbC+p4cIOKcru4UiaZHLV\nQLd7oA5eDzDnjZVDa55mV1TdIp32pdZbZzSDU9yLAh1MPfAof4YMlpUbKCTR6SAE\ntaL4X9u5QbWVwCX/gTVjprNs+01CXvPhJPA/FxSgQUaaXnzeijp7PJQ+YCwqxht+\n2w0FXOjGD3xLJQoWShMGDCaYMzngQFgdHUZDgiCHAAAAAwEAAQAAAQB0EwVGmoe6\nHsDuOrGSQEcSWnZVDdGcanGEpTWQaUSO/MhfNDhWDBBGrbUX+UwXnq31DhcEBRd4\njdPCfTyfUDxsGFE4YAVIF+1OJbxnRxrTT4zzgkvvp5827SvkkIlJUiqsdPUDWjaS\n8G7Bwa9FkAbKZyaNXrYmZofRNnYthOmt67nWKF3mRt+C1CmE4OpmyYMwhN6N4NMq\nIU8Vtj5Y9/ctMwCSQxItqohmHic2sZWN1cC5xjFseOifdPgKQ/azGRJC6iYy2Mu/\nPZSHE2ejw2sljdSYICtBi/v7g3Lns7hb9k2Cu0FsrDV5rihxbN7ysloH1TkUuSMU\nSuN7djds91JxAAAAgC/glCzmi55f601E/2C8mPB/dWTAyo7EsvW8Psf3Dy5oxW7h\nc+PFsAOCZszIGKMTqoSEdfiC9wRnmvzWsPsziLAPd4x5gTOeN6HnS/gh8cYmy+wT\noKG3Z1rzzm3Sw8h8VWXyRH2GNgrsxVkNQtX+iGDzDOhJQKl2kAQroBWO5j9PAAAA\ngQDBUGlqyJMi6+uOV/wrB25nm90JCtxhpXKtla/iejvAsSYj9SVUZJes2Ma9pPlE\nAeA/czaAK9W8ZeIk96Xhv33FuVbAgZT8J5s+jd394Mgd0H0pZ6VuEf3+O090O1nY\nkPNAszKCMSlHors6sNSgdwKY4fQDRgp99cADPpOJ1upvTwAAAIEA3jN9QL9g1ziu\nZIQGH33vr1WcEuB3wBvwPAnVuK8UddQk1sr19VsRG5jcQEH/lLGutYhZfpvl2GE0\nQiDlE2gWsdlkL4kr4eZw8/h8XX6pxIMF8mtzMiX6Mb0TO0opqDHFHSMkeotlfmaW\nfvBD0Yzi88MZ5nNsCXmur40+37+QrUkAAAAAAQID\n-----END OPENSSH PRIVATE KEY-----\n",
            "private_key_pem": "-----BEGIN RSA PRIVATE KEY-----\nMIIEogIBAAKCAQEAp8qdBMJNK44RnJV0AOQs5OBx7FEZqkYKQqgW2BD3xjtGP9I8\nwkpg/X+bNNN/31sPdAhEW78hA4Co25c3dVjNeG3j6u8TP/ooc+KstnNCT3YLL65q\nLa2zNZUxiUEfFW/jLAZDxbM6dz1FAhjuDnZvD06/TGwvqeHCDinK7uFImmRy1UC3\ne6AOXg8w542VQ2ueZldU3SKd9qXWW2c0g1PciwIdTD3wKH+GDJaVGygk0ekgBLWi\n+F/buUG1lcAl/4E1Y6azbPtNQl7z4STwPxcUoEFGml583oo6ezyUPmAsKsYbftsN\nBVzoxg98SyUKFkoTBgwmmDM54EBYHR1GQ4IghwIDAQABAoIBAHQTBUaah7oewO46\nsZJARxJadlUN0ZxqcYSlNZBpRI78yF80OFYMEEattRf5TBeerfUOFwQFF3iN08J9\nPJ9QPGwYUThgBUgX7U4lvGdHGtNPjPOCS++nnzbtK+SQiUlSKqx09QNaNpLwbsHB\nr0WQBspnJo1etiZmh9E2di2E6a3rudYoXeZG34LUKYTg6mbJgzCE3o3g0yohTxW2\nPlj39y0zAJJDEi2qiGYeJzaxlY3VwLnGMWx46J90+ApD9rMZEkLqJjLYy789lIcT\nZ6PDayWN1JggK0GL+/uDcuezuFv2TYK7QWysNXmuKHFs3vKyWgfVORS5IxRK43t2\nN2z3UnECgYEAwVBpasiTIuvrjlf8KwduZ5vdCQrcYaVyrZWv4no7wLEmI/UlVGSX\nrNjGvaT5RAHgP3M2gCvVvGXiJPel4b99xblWwIGU/CebPo3d/eDIHdB9KWelbhH9\n/jtPdDtZ2JDzQLMygjEpR6K7OrDUoHcCmOH0A0YKffXAAz6Tidbqb08CgYEA3jN9\nQL9g1ziuZIQGH33vr1WcEuB3wBvwPAnVuK8UddQk1sr19VsRG5jcQEH/lLGutYhZ\nfpvl2GE0QiDlE2gWsdlkL4kr4eZw8/h8XX6pxIMF8mtzMiX6Mb0TO0opqDHFHSMk\neotlfmaWfvBD0Yzi88MZ5nNsCXmur40+37+QrUkCgYBJ7yAyR/4GKCbSLRJzvoba\nN4FlGPNKoUVn4E0BmHBL9TS6IeMiEMr1v37bP0JaYUFL4xugD6PSR0EjlFesLFnF\nCmqEe8roWZmFZirWE2dWB8wmzs41d8oltrdfo+dr7ZwrTZ3urzCzhiiHfOQFbx7e\nK+Twb5RJsni6hO9Wk4zb/wKBgARYuYCEvd4366Fnu77t9bxWTmFIJs+JPF/QSW/9\nbMcJSVcyTTFpgKIrkVNodxlviF1gt290mUBsVltczV5d0OPVvtH3OvaGTXtYRwaF\nLcj8Tyd41p4KhCRo8HFeeAYkQxjY0SPcijW4yATfqlP1D5N5I46Qf3KIANTKTIqP\n8sKRAoGAL+CULOaLnl/rTUT/YLyY8H91ZMDKjsSy9bw+x/cPLmjFbuFz48WwA4Jm\nzMgYoxOqhIR1+IL3BGea/Naw+zOIsA93jHmBM543oedL+CHxxibL7BOgobdnWvPO\nbdLDyHxVZfJEfYY2CuzFWQ1C1f6IYPMM6ElAqXaQBCugFY7mP08=\n-----END RSA PRIVATE KEY-----\n",
            "private_key_pem_pkcs8": "-----BEGIN PRIVATE KEY-----\nMIIEvAIBADANBgkqhkiG9w0BAQEFAASCBKYwggSiAgEAAoIBAQCnyp0Ewk0rjhGc\nlXQA5Czk4HHsURmqRgpCqBbYEPfGO0Y/0jzCSmD9f5s003/fWw90CERbvyEDgKjb\nlzd1WM14bePq7xM/+ihz4qy2c0JPdgsvrmotrbM1lTGJQR8Vb+MsBkPFszp3PUUC\nGO4Odm8PTr9MbC+p4cIOKcru4UiaZHLVQLd7oA5eDzDnjZVDa55mV1TdIp32pdZb\nZzSDU9yLAh1MPfAof4YMlpUbKCTR6SAEtaL4X9u5QbWVwCX/gTVjprNs+01CXvPh\nJPA/FxSgQUaaXnzeijp7PJQ+YCwqxht+2w0FXOjGD3xLJQoWShMGDCaYMzngQFgd\nHUZDgiCHAgMBAAECggEAdBMFRpqHuh7A7jqxkkBHElp2VQ3RnGpxhKU1kGlEjvzI\nXzQ4VgwQRq21F/lMF56t9Q4XBAUXeI3Twn08n1A8bBhROGAFSBftTiW8Z0ca00+M\n84JL76efNu0r5JCJSVIqrHT1A1o2kvBuwcGvRZAGymcmjV62JmaH0TZ2LYTpreu5\n1ihd5kbfgtQphODqZsmDMITejeDTKiFPFbY+WPf3LTMAkkMSLaqIZh4nNrGVjdXA\nucYxbHjon3T4CkP2sxkSQuomMtjLvz2UhxNno8NrJY3UmCArQYv7+4Ny57O4W/ZN\ngrtBbKw1ea4ocWze8rJaB9U5FLkjFErje3Y3bPdScQKBgQDBUGlqyJMi6+uOV/wr\nB25nm90JCtxhpXKtla/iejvAsSYj9SVUZJes2Ma9pPlEAeA/czaAK9W8ZeIk96Xh\nv33FuVbAgZT8J5s+jd394Mgd0H0pZ6VuEf3+O090O1nYkPNAszKCMSlHors6sNSg\ndwKY4fQDRgp99cADPpOJ1upvTwKBgQDeM31Av2DXOK5khAYffe+vVZwS4HfAG/A8\nCdW4rxR11CTWyvX1WxEbmNxAQf+Usa61iFl+m+XYYTRCIOUTaBax2WQviSvh5nDz\n+HxdfqnEgwXya3MyJfoxvRM7SimoMcUdIyR6i2V+ZpZ+8EPRjOLzwxnmc2wJea6v\njT7fv5CtSQKBgEnvIDJH/gYoJtItEnO+hto3gWUY80qhRWfgTQGYcEv1NLoh4yIQ\nyvW/fts/QlphQUvjG6APo9JHQSOUV6wsWcUKaoR7yuhZmYVmKtYTZ1YHzCbOzjV3\nyiW2t1+j52vtnCtNne6vMLOGKId85AVvHt4r5PBvlEmyeLqE71aTjNv/AoGABFi5\ngIS93jfroWe7vu31vFZOYUgmz4k8X9BJb/1sxwlJVzJNMWmAoiuRU2h3GW+IXWC3\nb3SZQGxWW1zNXl3Q49W+0fc69oZNe1hHBoUtyPxPJ3jWngqEJGjwcV54BiRDGNjR\nI9yKNbjIBN+qU/UPk3kjjpB/cogA1MpMio/ywpECgYAv4JQs5oueX+tNRP9gvJjw\nf3VkwMqOxLL1vD7H9w8uaMVu4XPjxbADgmbMyBijE6qEhHX4gvcEZ5r81rD7M4iw\nD3eMeYEznjeh50v4IfHGJsvsE6Cht2da885t0sPIfFVl8kR9hjYK7MVZDULV/ohg\n8wzoSUCpdpAEK6AVjuY/Tw==\n-----END PRIVATE KEY-----\n",
            "public_key_fingerprint_md5": "fc:35:93:64:9e:ab:8e:66:a0:d7:25:6f:1e:31:f1:ee",
            "public_key_fingerprint_sha256": "SHA256:nUqYiIrW04djhaRP2q8cLS9JWLntGU8VNn6owS+1chw",
            "public_key_openssh": "ssh-rsa AAAAB3NzaC1yc2EAAAADAQABAAABAQCnyp0Ewk0rjhGclXQA5Czk4HHsURmqRgpCqBbYEPfGO0Y/0jzCSmD9f5s003/fWw90CERbvyEDgKjblzd1WM14bePq7xM/+ihz4qy2c0JPdgsvrmotrbM1lTGJQR8Vb+MsBkPFszp3PUUCGO4Odm8PTr9MbC+p4cIOKcru4UiaZHLVQLd7oA5eDzDnjZVDa55mV1TdIp32pdZbZzSDU9yLAh1MPfAof4YMlpUbKCTR6SAEtaL4X9u5QbWVwCX/gTVjprNs+01CXvPhJPA/FxSgQUaaXnzeijp7PJQ+YCwqxht+2w0FXOjGD3xLJQoWShMGDCaYMzngQFgdHUZDgiCH\n",
            "public_key_pem": "-----BEGIN PUBLIC KEY-----\nMIIBIjANBgkqhkiG9w0BAQEFAAOCAQ8AMIIBCgKCAQEAp8qdBMJNK44RnJV0AOQs\n5OBx7FEZqkYKQqgW2BD3xjtGP9I8wkpg/X+bNNN/31sPdAhEW78hA4Co25c3dVjN\neG3j6u8TP/ooc+KstnNCT3YLL65qLa2zNZUxiUEfFW/jLAZDxbM6dz1FAhjuDnZv\nD06/TGwvqeHCDinK7uFImmRy1UC3e6AOXg8w542VQ2ueZldU3SKd9qXWW2c0g1Pc\niwIdTD3wKH+GDJaVGygk0ekgBLWi+F/buUG1lcAl/4E1Y6azbPtNQl7z4STwPxcU\noEFGml583oo6ezyUPmAsKsYbftsNBVzoxg98SyUKFkoTBgwmmDM54EBYHR1GQ4Ig\nhwIDAQAB\n-----END PUBLIC KEY-----\n",
            "rsa_bits": 2048
          },
          "sensitive_attributes": []
        }
      ]
    }
  ],
  "check_results": null
}
